<?xml version="1.0" encoding="utf-8"?>
<Project ToolsVersion="4.0" xmlns="http://schemas.microsoft.com/developer/msbuild/2003">
  <ItemGroup>
    <Filter Include="99. Defines">
      <UniqueIdentifier>{cadd7084-ae9a-4b57-a280-e99c9ac23cc3}</UniqueIdentifier>
    </Filter>
    <Filter Include="98. Default">
      <UniqueIdentifier>{70de0b11-26da-44ca-9697-7115ad49ccc7}</UniqueIdentifier>
    </Filter>
    <Filter Include="00. MainApp">
      <UniqueIdentifier>{65a6a4ae-de47-43d1-a0df-f4c5b60eead2}</UniqueIdentifier>
    </Filter>
    <Filter Include="01. Levels">
      <UniqueIdentifier>{9391e8ee-4091-4099-9f5d-5f5d9ae5f3c2}</UniqueIdentifier>
    </Filter>
    <Filter Include="02. GameObjects">
      <UniqueIdentifier>{82f19664-ac45-4ed0-b50c-c55fd98ac222}</UniqueIdentifier>
    </Filter>
    <Filter Include="97. Client_Shader">
      <UniqueIdentifier>{0192430b-364d-419f-a00b-efda2080a236}</UniqueIdentifier>
    </Filter>
    <Filter Include="01. Levels\00. Loading">
      <UniqueIdentifier>{6b063c59-ba3e-44d5-9c62-456de7fa6450}</UniqueIdentifier>
    </Filter>
    <Filter Include="01. Levels\00. Loading\Loader">
      <UniqueIdentifier>{36658160-8782-4246-b69a-2749e756da4a}</UniqueIdentifier>
    </Filter>
    <Filter Include="01. Levels\01. Logo">
      <UniqueIdentifier>{7f67d290-47ad-4648-bada-50e58a05b461}</UniqueIdentifier>
    </Filter>
    <Filter Include="01. Levels\02. GamePlay">
      <UniqueIdentifier>{4490dd11-7e81-4ce4-97e6-8eadd5785ae9}</UniqueIdentifier>
    </Filter>
    <Filter Include="02. GameObjects\00. Player">
      <UniqueIdentifier>{8d721932-8bb5-4e27-a1c1-bd4c4a40be69}</UniqueIdentifier>
    </Filter>
    <Filter Include="03. Utility">
      <UniqueIdentifier>{e1a98d9a-b5a1-4c8b-a1a5-94247aa13852}</UniqueIdentifier>
    </Filter>
    <Filter Include="03. Utility\MapLoader">
      <UniqueIdentifier>{52b95ae4-1cdb-41e3-b05e-f94b22f41541}</UniqueIdentifier>
    </Filter>
    <Filter Include="03. Utility\ClientHelper">
      <UniqueIdentifier>{796b9097-362b-4e9a-a636-1d05f650b16c}</UniqueIdentifier>
    </Filter>
    <Filter Include="02. GameObjects\01. Camera">
      <UniqueIdentifier>{432b9609-d152-4708-8215-e797264a68e2}</UniqueIdentifier>
    </Filter>
    <Filter Include="02. GameObjects\02. Field">
      <UniqueIdentifier>{3a1d49ec-2a06-407b-87cc-e5ca75b16581}</UniqueIdentifier>
    </Filter>
    <Filter Include="02. GameObjects\02. Field\TileObject">
      <UniqueIdentifier>{b1f5be07-91ce-44a1-898c-94875805ff31}</UniqueIdentifier>
    </Filter>
    <Filter Include="02. GameObjects\02. Field\FieldOut">
      <UniqueIdentifier>{0ff94ed8-9fdd-42c3-ad79-d8fe32b8f8e9}</UniqueIdentifier>
    </Filter>
    <Filter Include="02. GameObjects\02. Field\FieldStructure">
      <UniqueIdentifier>{9fd2235a-1307-40d2-93c6-df093d65c6c6}</UniqueIdentifier>
    </Filter>
    <Filter Include="02. GameObjects\02. Field\BaseField">
      <UniqueIdentifier>{92878d91-4998-4cff-8dd3-41e637b760f3}</UniqueIdentifier>
    </Filter>
    <Filter Include="02. GameObjects\01. Camera\FreeCam">
      <UniqueIdentifier>{7e62ca0a-c37d-44b1-9a39-9871688c83fc}</UniqueIdentifier>
    </Filter>
    <Filter Include="02. GameObjects\01. Camera\TargetCam">
      <UniqueIdentifier>{80e56668-eae3-4b45-9da5-296339788533}</UniqueIdentifier>
    </Filter>
    <Filter Include="02. GameObjects\00. Player\State">
      <UniqueIdentifier>{1072aac8-4888-43ef-80bb-4f6ecdf690f4}</UniqueIdentifier>
    </Filter>
    <Filter Include="96. GUI_Inc">
      <UniqueIdentifier>{121d598e-996e-4cdd-9692-1c32ada1ac6c}</UniqueIdentifier>
    </Filter>
    <Filter Include="02. GameObjects\03. Tools">
      <UniqueIdentifier>{5166a32c-bb2a-43be-a27f-dc8bc2cd477d}</UniqueIdentifier>
    </Filter>
    <Filter Include="02. GameObjects\04. Parts">
      <UniqueIdentifier>{684906bc-a83b-4986-9a82-cdbd862a3573}</UniqueIdentifier>
    </Filter>
    <Filter Include="02. GameObjects\04. Parts\Hair">
      <UniqueIdentifier>{a703bacc-438f-4fc1-bdd2-f7c106f7e08a}</UniqueIdentifier>
    </Filter>
    <Filter Include="02. GameObjects\04. Parts\HairCap">
      <UniqueIdentifier>{848c2087-8aed-4f28-864a-93462acd390e}</UniqueIdentifier>
    </Filter>
    <Filter Include="02. GameObjects\04. Parts\Cloth">
      <UniqueIdentifier>{c56aa9cf-03dc-48e1-9389-acac36329029}</UniqueIdentifier>
    </Filter>
  </ItemGroup>
  <ItemGroup>
    <ClInclude Include="Client.h">
      <Filter>98. Default</Filter>
    </ClInclude>
    <ClInclude Include="framework.h">
      <Filter>98. Default</Filter>
    </ClInclude>
    <ClInclude Include="Resource.h">
      <Filter>98. Default</Filter>
    </ClInclude>
    <ClInclude Include="targetver.h">
      <Filter>98. Default</Filter>
    </ClInclude>
    <ClInclude Include="..\Public\Client_Defines.h">
      <Filter>99. Defines</Filter>
    </ClInclude>
    <ClInclude Include="..\Public\MainApp.h">
      <Filter>00. MainApp</Filter>
    </ClInclude>
    <ClInclude Include="..\Public\LoadingLevel.h">
      <Filter>01. Levels\00. Loading</Filter>
    </ClInclude>
    <ClInclude Include="..\Public\Loader.h">
      <Filter>01. Levels\00. Loading\Loader</Filter>
    </ClInclude>
    <ClInclude Include="..\Public\LogoLevel.h">
      <Filter>01. Levels\01. Logo</Filter>
    </ClInclude>
    <ClInclude Include="..\Public\GamePlayLevel.h">
      <Filter>01. Levels\02. GamePlay</Filter>
    </ClInclude>
    <ClInclude Include="..\Public\Player.h">
      <Filter>02. GameObjects\00. Player</Filter>
    </ClInclude>
    <ClInclude Include="..\Public\MapLoader.h">
      <Filter>03. Utility\MapLoader</Filter>
    </ClInclude>
    <ClInclude Include="..\Public\ClientHelper.h">
      <Filter>03. Utility\ClientHelper</Filter>
    </ClInclude>
    <ClInclude Include="..\Public\FieldOut.h">
      <Filter>02. GameObjects\02. Field\FieldOut</Filter>
    </ClInclude>
    <ClInclude Include="..\Public\BaseField.h">
      <Filter>02. GameObjects\02. Field\BaseField</Filter>
    </ClInclude>
    <ClInclude Include="..\Public\Free_Camera.h">
      <Filter>02. GameObjects\01. Camera\FreeCam</Filter>
    </ClInclude>
    <ClInclude Include="..\Public\Target_Camera.h">
      <Filter>02. GameObjects\01. Camera\TargetCam</Filter>
    </ClInclude>
    <ClInclude Include="..\Public\PlayerStateMachine.h">
      <Filter>02. GameObjects\00. Player\State</Filter>
    </ClInclude>
    <ClInclude Include="..\..\EngineSDK\Inc\GUI_Inc\imgui.h">
      <Filter>96. GUI_Inc</Filter>
    </ClInclude>
    <ClInclude Include="..\..\EngineSDK\Inc\GUI_Inc\backends\imgui_impl_dx11.h">
      <Filter>96. GUI_Inc</Filter>
    </ClInclude>
    <ClInclude Include="..\..\EngineSDK\Inc\GUI_Inc\backends\imgui_impl_win32.h">
      <Filter>96. GUI_Inc</Filter>
    </ClInclude>
    <ClInclude Include="..\..\EngineSDK\Inc\GUI_Inc\GraphEditor.h">
      <Filter>96. GUI_Inc</Filter>
    </ClInclude>
    <ClInclude Include="..\..\EngineSDK\Inc\GUI_Inc\imconfig.h">
      <Filter>96. GUI_Inc</Filter>
    </ClInclude>
    <ClInclude Include="..\..\EngineSDK\Inc\GUI_Inc\ImCurveEdit.h">
      <Filter>96. GUI_Inc</Filter>
    </ClInclude>
    <ClInclude Include="..\..\EngineSDK\Inc\GUI_Inc\ImGradient.h">
      <Filter>96. GUI_Inc</Filter>
    </ClInclude>
    <ClInclude Include="..\..\EngineSDK\Inc\GUI_Inc\imgui_internal.h">
      <Filter>96. GUI_Inc</Filter>
    </ClInclude>
    <ClInclude Include="..\..\EngineSDK\Inc\GUI_Inc\ImGuizmo.h">
      <Filter>96. GUI_Inc</Filter>
    </ClInclude>
    <ClInclude Include="..\..\EngineSDK\Inc\GUI_Inc\ImSequencer.h">
      <Filter>96. GUI_Inc</Filter>
    </ClInclude>
    <ClInclude Include="..\..\EngineSDK\Inc\GUI_Inc\imstb_rectpack.h">
      <Filter>96. GUI_Inc</Filter>
    </ClInclude>
    <ClInclude Include="..\..\EngineSDK\Inc\GUI_Inc\imstb_textedit.h">
      <Filter>96. GUI_Inc</Filter>
    </ClInclude>
    <ClInclude Include="..\..\EngineSDK\Inc\GUI_Inc\imstb_truetype.h">
      <Filter>96. GUI_Inc</Filter>
    </ClInclude>
    <ClInclude Include="..\..\EngineSDK\Inc\GUI_Inc\ImZoomSlider.h">
      <Filter>96. GUI_Inc</Filter>
    </ClInclude>
    <ClInclude Include="..\PUblic\ToolItem.h">
      <Filter>02. GameObjects\03. Tools</Filter>
    </ClInclude>
    <ClInclude Include="..\Public\HairParts.h">
      <Filter>02. GameObjects\04. Parts\Hair</Filter>
    </ClInclude>
    <ClInclude Include="..\Public\HairCapParts.h">
      <Filter>02. GameObjects\04. Parts\HairCap</Filter>
    </ClInclude>
    <ClInclude Include="..\Public\ClothParts.h">
      <Filter>02. GameObjects\04. Parts\Cloth</Filter>
    </ClInclude>
  </ItemGroup>
  <ItemGroup>
    <Image Include="Client.ico">
      <Filter>98. Default</Filter>
    </Image>
    <Image Include="small.ico">
      <Filter>98. Default</Filter>
    </Image>
  </ItemGroup>
  <ItemGroup>
    <ClCompile Include="Client.cpp">
      <Filter>98. Default</Filter>
    </ClCompile>
    <ClCompile Include="..\Private\MainApp.cpp">
      <Filter>00. MainApp</Filter>
    </ClCompile>
    <ClCompile Include="..\Private\LoadingLevel.cpp">
      <Filter>01. Levels\00. Loading</Filter>
    </ClCompile>
    <ClCompile Include="..\Private\Loader.cpp">
      <Filter>01. Levels\00. Loading\Loader</Filter>
    </ClCompile>
    <ClCompile Include="..\Private\LogoLevel.cpp">
      <Filter>01. Levels\01. Logo</Filter>
    </ClCompile>
    <ClCompile Include="..\Private\GamePlayLevel.cpp">
      <Filter>01. Levels\02. GamePlay</Filter>
    </ClCompile>
    <ClCompile Include="..\Private\Player.cpp">
      <Filter>02. GameObjects\00. Player</Filter>
    </ClCompile>
    <ClCompile Include="..\Private\MapLoader.cpp">
      <Filter>03. Utility\MapLoader</Filter>
    </ClCompile>
    <ClCompile Include="..\Private\ClientHelper.cpp">
      <Filter>03. Utility\ClientHelper</Filter>
    </ClCompile>
    <ClCompile Include="..\Private\FieldOut.cpp">
      <Filter>02. GameObjects\02. Field\FieldOut</Filter>
    </ClCompile>
    <ClCompile Include="..\Private\BaseField.cpp">
      <Filter>02. GameObjects\02. Field\BaseField</Filter>
    </ClCompile>
    <ClCompile Include="..\Private\Free_Camera.cpp">
      <Filter>02. GameObjects\01. Camera\FreeCam</Filter>
    </ClCompile>
    <ClCompile Include="..\Private\Target_Camera.cpp">
      <Filter>02. GameObjects\01. Camera\TargetCam</Filter>
    </ClCompile>
    <ClCompile Include="..\Private\PlayerStateMachine.cpp">
      <Filter>02. GameObjects\00. Player\State</Filter>
    </ClCompile>
    <ClCompile Include="..\..\EngineSDK\Inc\GUI_Inc\imgui.cpp">
      <Filter>96. GUI_Inc</Filter>
    </ClCompile>
    <ClCompile Include="..\..\EngineSDK\Inc\GUI_Inc\backends\imgui_impl_dx11.cpp">
      <Filter>96. GUI_Inc</Filter>
    </ClCompile>
    <ClCompile Include="..\..\EngineSDK\Inc\GUI_Inc\backends\imgui_impl_win32.cpp">
      <Filter>96. GUI_Inc</Filter>
    </ClCompile>
    <ClCompile Include="..\..\EngineSDK\Inc\GUI_Inc\GraphEditor.cpp">
      <Filter>96. GUI_Inc</Filter>
    </ClCompile>
    <ClCompile Include="..\..\EngineSDK\Inc\GUI_Inc\ImCurveEdit.cpp">
      <Filter>96. GUI_Inc</Filter>
    </ClCompile>
    <ClCompile Include="..\..\EngineSDK\Inc\GUI_Inc\ImGradient.cpp">
      <Filter>96. GUI_Inc</Filter>
    </ClCompile>
    <ClCompile Include="..\..\EngineSDK\Inc\GUI_Inc\imgui_demo.cpp">
      <Filter>96. GUI_Inc</Filter>
    </ClCompile>
    <ClCompile Include="..\..\EngineSDK\Inc\GUI_Inc\imgui_draw.cpp">
      <Filter>96. GUI_Inc</Filter>
    </ClCompile>
    <ClCompile Include="..\..\EngineSDK\Inc\GUI_Inc\imgui_tables.cpp">
      <Filter>96. GUI_Inc</Filter>
    </ClCompile>
    <ClCompile Include="..\..\EngineSDK\Inc\GUI_Inc\imgui_widgets.cpp">
      <Filter>96. GUI_Inc</Filter>
    </ClCompile>
    <ClCompile Include="..\..\EngineSDK\Inc\GUI_Inc\ImGuizmo.cpp">
      <Filter>96. GUI_Inc</Filter>
    </ClCompile>
    <ClCompile Include="..\..\EngineSDK\Inc\GUI_Inc\ImSequencer.cpp">
      <Filter>96. GUI_Inc</Filter>
    </ClCompile>
    <ClCompile Include="..\Private\ToolItem.cpp">
      <Filter>02. GameObjects\03. Tools</Filter>
    </ClCompile>
    <ClCompile Include="..\Private\HairParts.cpp">
      <Filter>02. GameObjects\04. Parts\Hair</Filter>
    </ClCompile>
    <ClCompile Include="..\Private\HairCapParts.cpp">
      <Filter>02. GameObjects\04. Parts\HairCap</Filter>
    </ClCompile>
    <ClCompile Include="..\Private\ClothParts.cpp">
      <Filter>02. GameObjects\04. Parts\Cloth</Filter>
    </ClCompile>
  </ItemGroup>
  <ItemGroup>
    <ResourceCompile Include="Client.rc">
      <Filter>98. Default</Filter>
    </ResourceCompile>
  </ItemGroup>
  <ItemGroup>
    <FxCompile Include="..\Bin\ShaderFiles\PlayerShader.hlsl">
      <Filter>97. Client_Shader</Filter>
    </FxCompile>
  </ItemGroup>
</Project>