
Microsoft Visual Studio Solution File, Format Version 12.00
# Visual Studio Version 17
VisualStudioVersion = 17.12.35707.178
MinimumVisualStudioVersion = 10.0.40219.1
Project("{8BC9CEB8-8B4A-11D0-8D11-00A0C91BC942}") = "Stack01", "DataStructure\DataStructure.vcxproj", "{4CD590EE-C542-420E-A35E-E44ED1A663F6}"
EndProject
Project("{2150E333-8FDC-42A3-9474-1A3956D46DE8}") = "Stack", "Stack", "{27C3EB55-FD4D-4481-A92A-7D9872D33D28}"
EndProject
Project("{8BC9CEB8-8B4A-11D0-8D11-00A0C91BC942}") = "Stack00", "Stack01\Solution01.vcxproj", "{7724C55D-B31E-4BA8-B18A-EAC26F6EB41F}"
EndProject
Project("{8BC9CEB8-8B4A-11D0-8D11-00A0C91BC942}") = "Stack02", "Stack06\Practice02.vcxproj", "{92A6F285-13A9-4062-913C-3ED9DDAD8A79}"
EndProject
Project("{8BC9CEB8-8B4A-11D0-8D11-00A0C91BC942}") = "Stack03", "Stack03\Practice03.vcxproj", "{2597AB2B-C9FC-4CA9-A590-1C36115F6299}"
EndProject
Project("{8BC9CEB8-8B4A-11D0-8D11-00A0C91BC942}") = "Stack06", "Stack02\Solution03.vcxproj", "{DDE4A528-63B9-47FC-BA2A-AC9DD8359CB2}"
EndProject
Project("{8BC9CEB8-8B4A-11D0-8D11-00A0C91BC942}") = "Stack04", "Stack04\Practice04.vcxproj", "{4471172B-2A96-499F-9BFC-D1FFA8E0FC14}"
EndProject
Project("{8BC9CEB8-8B4A-11D0-8D11-00A0C91BC942}") = "Stack05", "Stack05\Practice05.vcxproj", "{331CA0A1-8B1D-4EA6-8734-F84E5C049136}"
EndProject
Project("{2150E333-8FDC-42A3-9474-1A3956D46DE8}") = "Queue", "Queue", "{3FDD9D98-4225-4E08-A896-9D6FB2B92CF9}"
EndProject
Project("{8BC9CEB8-8B4A-11D0-8D11-00A0C91BC942}") = "Queue01", "Queue01\Practice.vcxproj", "{A3AC82D1-F671-4E5C-AD5F-97F147BC8051}"
EndProject
Project("{8BC9CEB8-8B4A-11D0-8D11-00A0C91BC942}") = "Queue02", "Queue02\Practice2.vcxproj", "{6540B02A-9A02-4825-99A6-48D701D3B572}"
EndProject
Project("{8BC9CEB8-8B4A-11D0-8D11-00A0C91BC942}") = "Queue03", "Queue03\Queue03.vcxproj", "{9251046C-9AD6-4E03-88D2-ABCEFEF876C0}"
EndProject
Project("{2150E333-8FDC-42A3-9474-1A3956D46DE8}") = "Hash", "Hash", "{B20DE294-B736-406E-A8B4-9B908078C410}"
EndProject
Project("{8BC9CEB8-8B4A-11D0-8D11-00A0C91BC942}") = "Hash01", "Hash01\Hash01.vcxproj", "{5B45F963-0B58-4313-83DF-CBE0179E9DD8}"
EndProject
Project("{8BC9CEB8-8B4A-11D0-8D11-00A0C91BC942}") = "Hash02", "Hash02\Hash02.vcxproj", "{5E16B063-AA72-4862-9257-47DA07C540D8}"
EndProject
Project("{8BC9CEB8-8B4A-11D0-8D11-00A0C91BC942}") = "Hash03", "Hash03\Hash03.vcxproj", "{C9D8C943-5720-4CEF-A088-6D8F78987FD5}"
EndProject
Global
	GlobalSection(SolutionConfigurationPlatforms) = preSolution
		Debug|x64 = Debug|x64
		Debug|x86 = Debug|x86
		Release|x64 = Release|x64
		Release|x86 = Release|x86
	EndGlobalSection
	GlobalSection(ProjectConfigurationPlatforms) = postSolution
		{4CD590EE-C542-420E-A35E-E44ED1A663F6}.Debug|x64.ActiveCfg = Debug|x64
		{4CD590EE-C542-420E-A35E-E44ED1A663F6}.Debug|x64.Build.0 = Debug|x64
		{4CD590EE-C542-420E-A35E-E44ED1A663F6}.Debug|x86.ActiveCfg = Debug|Win32
		{4CD590EE-C542-420E-A35E-E44ED1A663F6}.Debug|x86.Build.0 = Debug|Win32
		{4CD590EE-C542-420E-A35E-E44ED1A663F6}.Release|x64.ActiveCfg = Release|x64
		{4CD590EE-C542-420E-A35E-E44ED1A663F6}.Release|x64.Build.0 = Release|x64
		{4CD590EE-C542-420E-A35E-E44ED1A663F6}.Release|x86.ActiveCfg = Release|Win32
		{4CD590EE-C542-420E-A35E-E44ED1A663F6}.Release|x86.Build.0 = Release|Win32
		{7724C55D-B31E-4BA8-B18A-EAC26F6EB41F}.Debug|x64.ActiveCfg = Debug|x64
		{7724C55D-B31E-4BA8-B18A-EAC26F6EB41F}.Debug|x64.Build.0 = Debug|x64
		{7724C55D-B31E-4BA8-B18A-EAC26F6EB41F}.Debug|x86.ActiveCfg = Debug|Win32
		{7724C55D-B31E-4BA8-B18A-EAC26F6EB41F}.Debug|x86.Build.0 = Debug|Win32
		{7724C55D-B31E-4BA8-B18A-EAC26F6EB41F}.Release|x64.ActiveCfg = Release|x64
		{7724C55D-B31E-4BA8-B18A-EAC26F6EB41F}.Release|x64.Build.0 = Release|x64
		{7724C55D-B31E-4BA8-B18A-EAC26F6EB41F}.Release|x86.ActiveCfg = Release|Win32
		{7724C55D-B31E-4BA8-B18A-EAC26F6EB41F}.Release|x86.Build.0 = Release|Win32
		{92A6F285-13A9-4062-913C-3ED9DDAD8A79}.Debug|x64.ActiveCfg = Debug|x64
		{92A6F285-13A9-4062-913C-3ED9DDAD8A79}.Debug|x64.Build.0 = Debug|x64
		{92A6F285-13A9-4062-913C-3ED9DDAD8A79}.Debug|x86.ActiveCfg = Debug|Win32
		{92A6F285-13A9-4062-913C-3ED9DDAD8A79}.Debug|x86.Build.0 = Debug|Win32
		{92A6F285-13A9-4062-913C-3ED9DDAD8A79}.Release|x64.ActiveCfg = Release|x64
		{92A6F285-13A9-4062-913C-3ED9DDAD8A79}.Release|x64.Build.0 = Release|x64
		{92A6F285-13A9-4062-913C-3ED9DDAD8A79}.Release|x86.ActiveCfg = Release|Win32
		{92A6F285-13A9-4062-913C-3ED9DDAD8A79}.Release|x86.Build.0 = Release|Win32
		{2597AB2B-C9FC-4CA9-A590-1C36115F6299}.Debug|x64.ActiveCfg = Debug|x64
		{2597AB2B-C9FC-4CA9-A590-1C36115F6299}.Debug|x64.Build.0 = Debug|x64
		{2597AB2B-C9FC-4CA9-A590-1C36115F6299}.Debug|x86.ActiveCfg = Debug|Win32
		{2597AB2B-C9FC-4CA9-A590-1C36115F6299}.Debug|x86.Build.0 = Debug|Win32
		{2597AB2B-C9FC-4CA9-A590-1C36115F6299}.Release|x64.ActiveCfg = Release|x64
		{2597AB2B-C9FC-4CA9-A590-1C36115F6299}.Release|x64.Build.0 = Release|x64
		{2597AB2B-C9FC-4CA9-A590-1C36115F6299}.Release|x86.ActiveCfg = Release|Win32
		{2597AB2B-C9FC-4CA9-A590-1C36115F6299}.Release|x86.Build.0 = Release|Win32
		{DDE4A528-63B9-47FC-BA2A-AC9DD8359CB2}.Debug|x64.ActiveCfg = Debug|x64
		{DDE4A528-63B9-47FC-BA2A-AC9DD8359CB2}.Debug|x64.Build.0 = Debug|x64
		{DDE4A528-63B9-47FC-BA2A-AC9DD8359CB2}.Debug|x86.ActiveCfg = Debug|Win32
		{DDE4A528-63B9-47FC-BA2A-AC9DD8359CB2}.Debug|x86.Build.0 = Debug|Win32
		{DDE4A528-63B9-47FC-BA2A-AC9DD8359CB2}.Release|x64.ActiveCfg = Release|x64
		{DDE4A528-63B9-47FC-BA2A-AC9DD8359CB2}.Release|x64.Build.0 = Release|x64
		{DDE4A528-63B9-47FC-BA2A-AC9DD8359CB2}.Release|x86.ActiveCfg = Release|Win32
		{DDE4A528-63B9-47FC-BA2A-AC9DD8359CB2}.Release|x86.Build.0 = Release|Win32
		{4471172B-2A96-499F-9BFC-D1FFA8E0FC14}.Debug|x64.ActiveCfg = Debug|x64
		{4471172B-2A96-499F-9BFC-D1FFA8E0FC14}.Debug|x64.Build.0 = Debug|x64
		{4471172B-2A96-499F-9BFC-D1FFA8E0FC14}.Debug|x86.ActiveCfg = Debug|Win32
		{4471172B-2A96-499F-9BFC-D1FFA8E0FC14}.Debug|x86.Build.0 = Debug|Win32
		{4471172B-2A96-499F-9BFC-D1FFA8E0FC14}.Release|x64.ActiveCfg = Release|x64
		{4471172B-2A96-499F-9BFC-D1FFA8E0FC14}.Release|x64.Build.0 = Release|x64
		{4471172B-2A96-499F-9BFC-D1FFA8E0FC14}.Release|x86.ActiveCfg = Release|Win32
		{4471172B-2A96-499F-9BFC-D1FFA8E0FC14}.Release|x86.Build.0 = Release|Win32
		{331CA0A1-8B1D-4EA6-8734-F84E5C049136}.Debug|x64.ActiveCfg = Debug|x64
		{331CA0A1-8B1D-4EA6-8734-F84E5C049136}.Debug|x64.Build.0 = Debug|x64
		{331CA0A1-8B1D-4EA6-8734-F84E5C049136}.Debug|x86.ActiveCfg = Debug|Win32
		{331CA0A1-8B1D-4EA6-8734-F84E5C049136}.Debug|x86.Build.0 = Debug|Win32
		{331CA0A1-8B1D-4EA6-8734-F84E5C049136}.Release|x64.ActiveCfg = Release|x64
		{331CA0A1-8B1D-4EA6-8734-F84E5C049136}.Release|x64.Build.0 = Release|x64
		{331CA0A1-8B1D-4EA6-8734-F84E5C049136}.Release|x86.ActiveCfg = Release|Win32
		{331CA0A1-8B1D-4EA6-8734-F84E5C049136}.Release|x86.Build.0 = Release|Win32
		{A3AC82D1-F671-4E5C-AD5F-97F147BC8051}.Debug|x64.ActiveCfg = Debug|x64
		{A3AC82D1-F671-4E5C-AD5F-97F147BC8051}.Debug|x64.Build.0 = Debug|x64
		{A3AC82D1-F671-4E5C-AD5F-97F147BC8051}.Debug|x86.ActiveCfg = Debug|Win32
		{A3AC82D1-F671-4E5C-AD5F-97F147BC8051}.Debug|x86.Build.0 = Debug|Win32
		{A3AC82D1-F671-4E5C-AD5F-97F147BC8051}.Release|x64.ActiveCfg = Release|x64
		{A3AC82D1-F671-4E5C-AD5F-97F147BC8051}.Release|x64.Build.0 = Release|x64
		{A3AC82D1-F671-4E5C-AD5F-97F147BC8051}.Release|x86.ActiveCfg = Release|Win32
		{A3AC82D1-F671-4E5C-AD5F-97F147BC8051}.Release|x86.Build.0 = Release|Win32
		{6540B02A-9A02-4825-99A6-48D701D3B572}.Debug|x64.ActiveCfg = Debug|x64
		{6540B02A-9A02-4825-99A6-48D701D3B572}.Debug|x64.Build.0 = Debug|x64
		{6540B02A-9A02-4825-99A6-48D701D3B572}.Debug|x86.ActiveCfg = Debug|Win32
		{6540B02A-9A02-4825-99A6-48D701D3B572}.Debug|x86.Build.0 = Debug|Win32
		{6540B02A-9A02-4825-99A6-48D701D3B572}.Release|x64.ActiveCfg = Release|x64
		{6540B02A-9A02-4825-99A6-48D701D3B572}.Release|x64.Build.0 = Release|x64
		{6540B02A-9A02-4825-99A6-48D701D3B572}.Release|x86.ActiveCfg = Release|Win32
		{6540B02A-9A02-4825-99A6-48D701D3B572}.Release|x86.Build.0 = Release|Win32
		{9251046C-9AD6-4E03-88D2-ABCEFEF876C0}.Debug|x64.ActiveCfg = Debug|x64
		{9251046C-9AD6-4E03-88D2-ABCEFEF876C0}.Debug|x64.Build.0 = Debug|x64
		{9251046C-9AD6-4E03-88D2-ABCEFEF876C0}.Debug|x86.ActiveCfg = Debug|Win32
		{9251046C-9AD6-4E03-88D2-ABCEFEF876C0}.Debug|x86.Build.0 = Debug|Win32
		{9251046C-9AD6-4E03-88D2-ABCEFEF876C0}.Release|x64.ActiveCfg = Release|x64
		{9251046C-9AD6-4E03-88D2-ABCEFEF876C0}.Release|x64.Build.0 = Release|x64
		{9251046C-9AD6-4E03-88D2-ABCEFEF876C0}.Release|x86.ActiveCfg = Release|Win32
		{9251046C-9AD6-4E03-88D2-ABCEFEF876C0}.Release|x86.Build.0 = Release|Win32
		{5B45F963-0B58-4313-83DF-CBE0179E9DD8}.Debug|x64.ActiveCfg = Debug|x64
		{5B45F963-0B58-4313-83DF-CBE0179E9DD8}.Debug|x64.Build.0 = Debug|x64
		{5B45F963-0B58-4313-83DF-CBE0179E9DD8}.Debug|x86.ActiveCfg = Debug|Win32
		{5B45F963-0B58-4313-83DF-CBE0179E9DD8}.Debug|x86.Build.0 = Debug|Win32
		{5B45F963-0B58-4313-83DF-CBE0179E9DD8}.Release|x64.ActiveCfg = Release|x64
		{5B45F963-0B58-4313-83DF-CBE0179E9DD8}.Release|x64.Build.0 = Release|x64
		{5B45F963-0B58-4313-83DF-CBE0179E9DD8}.Release|x86.ActiveCfg = Release|Win32
		{5B45F963-0B58-4313-83DF-CBE0179E9DD8}.Release|x86.Build.0 = Release|Win32
		{5E16B063-AA72-4862-9257-47DA07C540D8}.Debug|x64.ActiveCfg = Debug|x64
		{5E16B063-AA72-4862-9257-47DA07C540D8}.Debug|x64.Build.0 = Debug|x64
		{5E16B063-AA72-4862-9257-47DA07C540D8}.Debug|x86.ActiveCfg = Debug|Win32
		{5E16B063-AA72-4862-9257-47DA07C540D8}.Debug|x86.Build.0 = Debug|Win32
		{5E16B063-AA72-4862-9257-47DA07C540D8}.Release|x64.ActiveCfg = Release|x64
		{5E16B063-AA72-4862-9257-47DA07C540D8}.Release|x64.Build.0 = Release|x64
		{5E16B063-AA72-4862-9257-47DA07C540D8}.Release|x86.ActiveCfg = Release|Win32
		{5E16B063-AA72-4862-9257-47DA07C540D8}.Release|x86.Build.0 = Release|Win32
		{C9D8C943-5720-4CEF-A088-6D8F78987FD5}.Debug|x64.ActiveCfg = Debug|x64
		{C9D8C943-5720-4CEF-A088-6D8F78987FD5}.Debug|x64.Build.0 = Debug|x64
		{C9D8C943-5720-4CEF-A088-6D8F78987FD5}.Debug|x86.ActiveCfg = Debug|Win32
		{C9D8C943-5720-4CEF-A088-6D8F78987FD5}.Debug|x86.Build.0 = Debug|Win32
		{C9D8C943-5720-4CEF-A088-6D8F78987FD5}.Release|x64.ActiveCfg = Release|x64
		{C9D8C943-5720-4CEF-A088-6D8F78987FD5}.Release|x64.Build.0 = Release|x64
		{C9D8C943-5720-4CEF-A088-6D8F78987FD5}.Release|x86.ActiveCfg = Release|Win32
		{C9D8C943-5720-4CEF-A088-6D8F78987FD5}.Release|x86.Build.0 = Release|Win32
	EndGlobalSection
	GlobalSection(SolutionProperties) = preSolution
		HideSolutionNode = FALSE
	EndGlobalSection
	GlobalSection(NestedProjects) = preSolution
		{4CD590EE-C542-420E-A35E-E44ED1A663F6} = {27C3EB55-FD4D-4481-A92A-7D9872D33D28}
		{7724C55D-B31E-4BA8-B18A-EAC26F6EB41F} = {27C3EB55-FD4D-4481-A92A-7D9872D33D28}
		{92A6F285-13A9-4062-913C-3ED9DDAD8A79} = {27C3EB55-FD4D-4481-A92A-7D9872D33D28}
		{2597AB2B-C9FC-4CA9-A590-1C36115F6299} = {27C3EB55-FD4D-4481-A92A-7D9872D33D28}
		{DDE4A528-63B9-47FC-BA2A-AC9DD8359CB2} = {27C3EB55-FD4D-4481-A92A-7D9872D33D28}
		{4471172B-2A96-499F-9BFC-D1FFA8E0FC14} = {27C3EB55-FD4D-4481-A92A-7D9872D33D28}
		{331CA0A1-8B1D-4EA6-8734-F84E5C049136} = {27C3EB55-FD4D-4481-A92A-7D9872D33D28}
		{A3AC82D1-F671-4E5C-AD5F-97F147BC8051} = {3FDD9D98-4225-4E08-A896-9D6FB2B92CF9}
		{6540B02A-9A02-4825-99A6-48D701D3B572} = {3FDD9D98-4225-4E08-A896-9D6FB2B92CF9}
		{9251046C-9AD6-4E03-88D2-ABCEFEF876C0} = {3FDD9D98-4225-4E08-A896-9D6FB2B92CF9}
		{5B45F963-0B58-4313-83DF-CBE0179E9DD8} = {B20DE294-B736-406E-A8B4-9B908078C410}
		{5E16B063-AA72-4862-9257-47DA07C540D8} = {B20DE294-B736-406E-A8B4-9B908078C410}
		{C9D8C943-5720-4CEF-A088-6D8F78987FD5} = {B20DE294-B736-406E-A8B4-9B908078C410}
	EndGlobalSection
EndGlobal
