<?xml version="1.0" encoding="utf-8"?>
<Project ToolsVersion="4.0" xmlns="http://schemas.microsoft.com/developer/msbuild/2003">
  <ItemGroup>
    <Filter Include="리소스 파일">
      <UniqueIdentifier>{67DA6AB6-F800-4c08-8B7A-83BB121AAD01}</UniqueIdentifier>
      <Extensions>rc;ico;cur;bmp;dlg;rc2;rct;bin;rgs;gif;jpg;jpeg;jpe;resx;tiff;tif;png;wav;mfcribbon-ms</Extensions>
    </Filter>
    <Filter Include="00. Common">
      <UniqueIdentifier>{e55b5531-3005-4e9d-8afe-a646d8e05d65}</UniqueIdentifier>
    </Filter>
    <Filter Include="01. Client">
      <UniqueIdentifier>{9cb1f0fa-14f9-4470-ab67-e69e47a9061a}</UniqueIdentifier>
    </Filter>
    <Filter Include="02. MainApp">
      <UniqueIdentifier>{6263270e-b44d-4f89-ad85-b54c15ef725f}</UniqueIdentifier>
    </Filter>
    <Filter Include="TestObjects">
      <UniqueIdentifier>{028585d0-c8ec-40c5-a39c-30ede64bda75}</UniqueIdentifier>
    </Filter>
    <Filter Include="03. Scene">
      <UniqueIdentifier>{12e92f10-e9bf-43bf-bd13-22b51a7f60eb}</UniqueIdentifier>
    </Filter>
    <Filter Include="03. Scene\TestScene">
      <UniqueIdentifier>{e5d5c855-ea1c-4993-84d2-22dbae7e24c5}</UniqueIdentifier>
    </Filter>
  </ItemGroup>
  <ItemGroup>
    <ClInclude Include="targetver.h">
      <Filter>00. Common</Filter>
    </ClInclude>
    <ClInclude Include="pch.h">
      <Filter>00. Common</Filter>
    </ClInclude>
    <ClInclude Include="Resource.h">
      <Filter>00. Common</Filter>
    </ClInclude>
    <ClInclude Include="framework.h">
      <Filter>00. Common</Filter>
    </ClInclude>
    <ClInclude Include="Client.h">
      <Filter>01. Client</Filter>
    </ClInclude>
    <ClInclude Include="..\Header\CMainApp.h">
      <Filter>02. MainApp</Filter>
    </ClInclude>
    <ClInclude Include="..\Header\CTestObj.h">
      <Filter>TestObjects</Filter>
    </ClInclude>
    <ClInclude Include="..\Header\CTestCam.h">
      <Filter>TestObjects</Filter>
    </ClInclude>
    <ClInclude Include="..\Header\CTestLigh.h">
      <Filter>TestObjects</Filter>
    </ClInclude>
    <ClInclude Include="..\Header\CTestTerrain.h">
      <Filter>TestObjects</Filter>
    </ClInclude>
    <ClInclude Include="..\Header\CTestMirror.h">
      <Filter>TestObjects</Filter>
    </ClInclude>
    <ClInclude Include="..\Header\CTestScene.h">
      <Filter>03. Scene\TestScene</Filter>
    </ClInclude>
  </ItemGroup>
  <ItemGroup>
    <ClCompile Include="pch.cpp">
      <Filter>00. Common</Filter>
    </ClCompile>
    <ClCompile Include="Client.cpp">
      <Filter>01. Client</Filter>
    </ClCompile>
    <ClCompile Include="..\Code\CMainApp.cpp">
      <Filter>02. MainApp</Filter>
    </ClCompile>
    <ClCompile Include="..\Code\CTestCam.cpp">
      <Filter>TestObjects</Filter>
    </ClCompile>
    <ClCompile Include="..\Code\CTestObj.cpp">
      <Filter>TestObjects</Filter>
    </ClCompile>
    <ClCompile Include="..\Code\CTestLigh.cpp">
      <Filter>TestObjects</Filter>
    </ClCompile>
    <ClCompile Include="..\Code\CTestTerrain.cpp">
      <Filter>TestObjects</Filter>
    </ClCompile>
    <ClCompile Include="..\Code\CTestMirror.cpp">
      <Filter>TestObjects</Filter>
    </ClCompile>
    <ClCompile Include="..\Code\CTestScene.cpp">
      <Filter>03. Scene\TestScene</Filter>
    </ClCompile>
  </ItemGroup>
  <ItemGroup>
    <ResourceCompile Include="Client.rc">
      <Filter>리소스 파일</Filter>
    </ResourceCompile>
  </ItemGroup>
  <ItemGroup>
    <Image Include="small.ico">
      <Filter>리소스 파일</Filter>
    </Image>
    <Image Include="Client.ico">
      <Filter>리소스 파일</Filter>
    </Image>
  </ItemGroup>
</Project>